
Microsoft Visual Studio Solution File, Format Version 12.00
# Visual Studio Version 18
VisualStudioVersion = 18.0.11222.15 d18.0
MinimumVisualStudioVersion = 10.0.40219.1
Project("{FAE04EC0-301F-11D3-BF4B-00C04F79EFBC}") = "Clipr.API", "CliprUploadSvc\Clipr.API.csproj", "{747CFCA2-4485-4B37-9AB4-2D75EBF56111}"
EndProject
Project("{FAE04EC0-301F-11D3-BF4B-00C04F79EFBC}") = "Clipr.Modules.Upload.Application", "Clipr.Application\Clipr.Modules.Upload.Application.csproj", "{B44C310F-AC5C-420D-A133-2B7CCB9E510F}"
EndProject
Project("{FAE04EC0-301F-11D3-BF4B-00C04F79EFBC}") = "Clipr.Modules.Upload.Infrastructure", "Clipr.Infrastructure\Clipr.Modules.Upload.Infrastructure.csproj", "{A76C038A-02B3-4415-9281-B7FE0CE42A6A}"
EndProject
Project("{FAE04EC0-301F-11D3-BF4B-00C04F79EFBC}") = "Clipr.Modules.Upload.Domain", "Clipr.Domain\Clipr.Modules.Upload.Domain.csproj", "{A1F3527B-E72C-40D2-B0CD-F21317BCEE4C}"
EndProject
Project("{2150E333-8FDC-42A3-9474-1A3956D46DE8}") = "src", "src", "{143D1F7E-9A04-42E9-9F8E-1216856A6166}"
EndProject
Project("{2150E333-8FDC-42A3-9474-1A3956D46DE8}") = "API", "API", "{6A1B0C82-00F1-4618-A016-6A3F2E25AB65}"
EndProject
Project("{2150E333-8FDC-42A3-9474-1A3956D46DE8}") = "Modules", "Modules", "{D5AF4CF5-02B5-499E-AD5B-1208526914BB}"
EndProject
Project("{2150E333-8FDC-42A3-9474-1A3956D46DE8}") = "Upload", "Upload", "{714C6CE2-0C2C-4B86-8A9A-76F3E7BCB3C9}"
EndProject
Project("{2150E333-8FDC-42A3-9474-1A3956D46DE8}") = "User", "User", "{C4BD14F1-97F7-4B8A-92FD-875FAB9FB69B}"
EndProject
Project("{2150E333-8FDC-42A3-9474-1A3956D46DE8}") = "Video", "Video", "{126D87B6-B685-44C8-8492-5C2F1E2FBA49}"
EndProject
Project("{2150E333-8FDC-42A3-9474-1A3956D46DE8}") = "Processing", "Processing", "{C11E894B-B5F7-4963-B46D-30B1F4B5CFF0}"
EndProject
Project("{2150E333-8FDC-42A3-9474-1A3956D46DE8}") = "Interaction", "Interaction", "{1F307347-1F6F-4039-8037-FB0F190F6921}"
EndProject
Project("{2150E333-8FDC-42A3-9474-1A3956D46DE8}") = "Search", "Search", "{D6E489D7-B91C-4070-B32E-177B95C66F01}"
EndProject
Project("{2150E333-8FDC-42A3-9474-1A3956D46DE8}") = "Subscription", "Subscription", "{7C9CF41A-9B0A-4803-AB8C-1126F501BA39}"
EndProject
Project("{FAE04EC0-301F-11D3-BF4B-00C04F79EFBC}") = "Clipr.Modules.Upload.Presentation", "Clipr.Modules.Upload.Presentation\Clipr.Modules.Upload.Presentation.csproj", "{2C22D8F0-848F-46C8-AA01-4D99027D6397}"
EndProject
Global
	GlobalSection(SolutionConfigurationPlatforms) = preSolution
		Debug|Any CPU = Debug|Any CPU
		Release|Any CPU = Release|Any CPU
	EndGlobalSection
	GlobalSection(ProjectConfigurationPlatforms) = postSolution
		{747CFCA2-4485-4B37-9AB4-2D75EBF56111}.Debug|Any CPU.ActiveCfg = Debug|Any CPU
		{747CFCA2-4485-4B37-9AB4-2D75EBF56111}.Debug|Any CPU.Build.0 = Debug|Any CPU
		{747CFCA2-4485-4B37-9AB4-2D75EBF56111}.Release|Any CPU.ActiveCfg = Release|Any CPU
		{747CFCA2-4485-4B37-9AB4-2D75EBF56111}.Release|Any CPU.Build.0 = Release|Any CPU
		{B44C310F-AC5C-420D-A133-2B7CCB9E510F}.Debug|Any CPU.ActiveCfg = Debug|Any CPU
		{B44C310F-AC5C-420D-A133-2B7CCB9E510F}.Debug|Any CPU.Build.0 = Debug|Any CPU
		{B44C310F-AC5C-420D-A133-2B7CCB9E510F}.Release|Any CPU.ActiveCfg = Release|Any CPU
		{B44C310F-AC5C-420D-A133-2B7CCB9E510F}.Release|Any CPU.Build.0 = Release|Any CPU
		{A76C038A-02B3-4415-9281-B7FE0CE42A6A}.Debug|Any CPU.ActiveCfg = Debug|Any CPU
		{A76C038A-02B3-4415-9281-B7FE0CE42A6A}.Debug|Any CPU.Build.0 = Debug|Any CPU
		{A76C038A-02B3-4415-9281-B7FE0CE42A6A}.Release|Any CPU.ActiveCfg = Release|Any CPU
		{A76C038A-02B3-4415-9281-B7FE0CE42A6A}.Release|Any CPU.Build.0 = Release|Any CPU
		{A1F3527B-E72C-40D2-B0CD-F21317BCEE4C}.Debug|Any CPU.ActiveCfg = Debug|Any CPU
		{A1F3527B-E72C-40D2-B0CD-F21317BCEE4C}.Debug|Any CPU.Build.0 = Debug|Any CPU
		{A1F3527B-E72C-40D2-B0CD-F21317BCEE4C}.Release|Any CPU.ActiveCfg = Release|Any CPU
		{A1F3527B-E72C-40D2-B0CD-F21317BCEE4C}.Release|Any CPU.Build.0 = Release|Any CPU
		{2C22D8F0-848F-46C8-AA01-4D99027D6397}.Debug|Any CPU.ActiveCfg = Debug|Any CPU
		{2C22D8F0-848F-46C8-AA01-4D99027D6397}.Debug|Any CPU.Build.0 = Debug|Any CPU
		{2C22D8F0-848F-46C8-AA01-4D99027D6397}.Release|Any CPU.ActiveCfg = Release|Any CPU
		{2C22D8F0-848F-46C8-AA01-4D99027D6397}.Release|Any CPU.Build.0 = Release|Any CPU
	EndGlobalSection
	GlobalSection(SolutionProperties) = preSolution
		HideSolutionNode = FALSE
	EndGlobalSection
	GlobalSection(NestedProjects) = preSolution
		{747CFCA2-4485-4B37-9AB4-2D75EBF56111} = {6A1B0C82-00F1-4618-A016-6A3F2E25AB65}
		{B44C310F-AC5C-420D-A133-2B7CCB9E510F} = {714C6CE2-0C2C-4B86-8A9A-76F3E7BCB3C9}
		{A76C038A-02B3-4415-9281-B7FE0CE42A6A} = {714C6CE2-0C2C-4B86-8A9A-76F3E7BCB3C9}
		{A1F3527B-E72C-40D2-B0CD-F21317BCEE4C} = {714C6CE2-0C2C-4B86-8A9A-76F3E7BCB3C9}
		{6A1B0C82-00F1-4618-A016-6A3F2E25AB65} = {143D1F7E-9A04-42E9-9F8E-1216856A6166}
		{D5AF4CF5-02B5-499E-AD5B-1208526914BB} = {143D1F7E-9A04-42E9-9F8E-1216856A6166}
		{714C6CE2-0C2C-4B86-8A9A-76F3E7BCB3C9} = {D5AF4CF5-02B5-499E-AD5B-1208526914BB}
		{C4BD14F1-97F7-4B8A-92FD-875FAB9FB69B} = {D5AF4CF5-02B5-499E-AD5B-1208526914BB}
		{126D87B6-B685-44C8-8492-5C2F1E2FBA49} = {D5AF4CF5-02B5-499E-AD5B-1208526914BB}
		{C11E894B-B5F7-4963-B46D-30B1F4B5CFF0} = {D5AF4CF5-02B5-499E-AD5B-1208526914BB}
		{1F307347-1F6F-4039-8037-FB0F190F6921} = {D5AF4CF5-02B5-499E-AD5B-1208526914BB}
		{D6E489D7-B91C-4070-B32E-177B95C66F01} = {D5AF4CF5-02B5-499E-AD5B-1208526914BB}
		{7C9CF41A-9B0A-4803-AB8C-1126F501BA39} = {D5AF4CF5-02B5-499E-AD5B-1208526914BB}
		{2C22D8F0-848F-46C8-AA01-4D99027D6397} = {714C6CE2-0C2C-4B86-8A9A-76F3E7BCB3C9}
	EndGlobalSection
	GlobalSection(ExtensibilityGlobals) = postSolution
		SolutionGuid = {B672E65E-1789-4485-9AE9-EE8B9D4AEB80}
	EndGlobalSection
EndGlobal
