
Microsoft Visual Studio Solution File, Format Version 12.00
# Visual Studio Version 17
VisualStudioVersion = 17.9.34622.214
MinimumVisualStudioVersion = 10.0.40219.1
Project("{FAE04EC0-301F-11D3-BF4B-00C04F79EFBC}") = "Clipr.API", "CliprUploadSvc\Clipr.API.csproj", "{747CFCA2-4485-4B37-9AB4-2D75EBF56111}"
EndProject
Project("{FAE04EC0-301F-11D3-BF4B-00C04F79EFBC}") = "Clipr.Application", "Clipr.Application\Clipr.Application.csproj", "{B44C310F-AC5C-420D-A133-2B7CCB9E510F}"
EndProject
Project("{FAE04EC0-301F-11D3-BF4B-00C04F79EFBC}") = "Clipr.Infrastructure", "Clipr.Infrastructure\Clipr.Infrastructure.csproj", "{A76C038A-02B3-4415-9281-B7FE0CE42A6A}"
EndProject
Project("{FAE04EC0-301F-11D3-BF4B-00C04F79EFBC}") = "Clipr.Domain", "Clipr.Domain\Clipr.Domain.csproj", "{A1F3527B-E72C-40D2-B0CD-F21317BCEE4C}"
EndProject
Global
	GlobalSection(SolutionConfigurationPlatforms) = preSolution
		Debug|Any CPU = Debug|Any CPU
		Release|Any CPU = Release|Any CPU
	EndGlobalSection
	GlobalSection(ProjectConfigurationPlatforms) = postSolution
		{747CFCA2-4485-4B37-9AB4-2D75EBF56111}.Debug|Any CPU.ActiveCfg = Debug|Any CPU
		{747CFCA2-4485-4B37-9AB4-2D75EBF56111}.Debug|Any CPU.Build.0 = Debug|Any CPU
		{747CFCA2-4485-4B37-9AB4-2D75EBF56111}.Release|Any CPU.ActiveCfg = Release|Any CPU
		{747CFCA2-4485-4B37-9AB4-2D75EBF56111}.Release|Any CPU.Build.0 = Release|Any CPU
		{B44C310F-AC5C-420D-A133-2B7CCB9E510F}.Debug|Any CPU.ActiveCfg = Debug|Any CPU
		{B44C310F-AC5C-420D-A133-2B7CCB9E510F}.Debug|Any CPU.Build.0 = Debug|Any CPU
		{B44C310F-AC5C-420D-A133-2B7CCB9E510F}.Release|Any CPU.ActiveCfg = Release|Any CPU
		{B44C310F-AC5C-420D-A133-2B7CCB9E510F}.Release|Any CPU.Build.0 = Release|Any CPU
		{A76C038A-02B3-4415-9281-B7FE0CE42A6A}.Debug|Any CPU.ActiveCfg = Debug|Any CPU
		{A76C038A-02B3-4415-9281-B7FE0CE42A6A}.Debug|Any CPU.Build.0 = Debug|Any CPU
		{A76C038A-02B3-4415-9281-B7FE0CE42A6A}.Release|Any CPU.ActiveCfg = Release|Any CPU
		{A76C038A-02B3-4415-9281-B7FE0CE42A6A}.Release|Any CPU.Build.0 = Release|Any CPU
		{A1F3527B-E72C-40D2-B0CD-F21317BCEE4C}.Debug|Any CPU.ActiveCfg = Debug|Any CPU
		{A1F3527B-E72C-40D2-B0CD-F21317BCEE4C}.Debug|Any CPU.Build.0 = Debug|Any CPU
		{A1F3527B-E72C-40D2-B0CD-F21317BCEE4C}.Release|Any CPU.ActiveCfg = Release|Any CPU
		{A1F3527B-E72C-40D2-B0CD-F21317BCEE4C}.Release|Any CPU.Build.0 = Release|Any CPU
	EndGlobalSection
	GlobalSection(SolutionProperties) = preSolution
		HideSolutionNode = FALSE
	EndGlobalSection
	GlobalSection(ExtensibilityGlobals) = postSolution
		SolutionGuid = {B672E65E-1789-4485-9AE9-EE8B9D4AEB80}
	EndGlobalSection
EndGlobal
